github.com/dustin/go-humanize v1.0.1 h1:GzkhY7T5VNhEkwH0PVJgjz+fX1rhBrR7pRT3mDkpeCY=
github.com/dustin/go-humanize v1.0.1/go.mod h1:Mu1zIs6XwVuF/gI1OepvI0qD18qycQx+mFykh5fBlto=
github.com/fatih/color v1.18.0 h1:S8gINlzdQ840/4pfAwic/ZE0djQEH3wM94VfqLTZcOM=
github.com/fatih/color v1.18.0/go.mod h1:4FelSpRwEGDpQ12mAdzqdOukCy4u8WUtOY6lkT/6HfU=
github.com/franc-zar/k8s-node-attestation/pkg/ca v0.0.0-20250411083456-fd081831de33 h1:59h7Ggn+rxHiXxJIVWA6W4jaEJ+pMmb+pqPWCiIsvSM=
github.com/franc-zar/k8s-node-attestation/pkg/ca v0.0.0-20250411083456-fd081831de33/go.mod h1:CQXAX49NaCvVuDZOV+cacsY1R7c0a+kTCKe8WYP8oQg=
github.com/franc-zar/k8s-node-attestation/pkg/ca v0.0.0-20250411151218-55c2b3f5e303 h1:EKFgMZszfwjUeJzpht9yt7sGo+HWQrmu3TDIbd5d1PU=
github.com/franc-zar/k8s-node-attestation/pkg/ca v0.0.0-20250411151218-55c2b3f5e303/go.mod h1:x944E2VMfMStCstUko/0lbtoVq/naLqHKnHGpsKlNrg=
github.com/franc-zar/k8s-node-attestation/pkg/ca v0.0.0-20250411160526-c409377aceb3 h1:z55L53RVPvQqOc0kF2hhcZ+kyPKLwopD6Nuk5ZN21PI=
github.com/franc-zar/k8s-node-attestation/pkg/ca v0.0.0-20250411160526-c409377aceb3/go.mod h1:x944E2VMfMStCstUko/0lbtoVq/naLqHKnHGpsKlNrg=
github.com/franc-zar/k8s-node-attestation/pkg/ca v0.0.0-20250414103401-8e431665f7e0 h1:NTSS4cr9VrR9UfdE53EKKWpzAa/+QamiTVwlRssAhm4=
github.com/franc-zar/k8s-node-attestation/pkg/ca v0.0.0-20250414103401-8e431665f7e0/go.mod h1:x944E2VMfMStCstUko/0lbtoVq/naLqHKnHGpsKlNrg=
github.com/franc-zar/k8s-node-attestation/pkg/ca v0.0.0-20250414123510-76f154d7e890 h1:CuvsAlc0Q8CxRC6qDKyQqF5BcOyn9G5YIGgXXxlwm4w=
github.com/franc-zar/k8s-node-attestation/pkg/ca v0.0.0-20250414123510-76f154d7e890/go.mod h1:Cu/4HztMzwzWqg6e4VbNTx/nVmpz6y24qx4VEkMECSU=
github.com/franc-zar/k8s-node-attestation/pkg/ca v0.0.0-20250414124712-eb29b3c899c1 h1:3pGD9M0XIg2zpcFh2cIkko7l7SNtE+v/63xigeoBjKc=
github.com/franc-zar/k8s-node-attestation/pkg/ca v0.0.0-20250414124712-eb29b3c899c1/go.mod h1:Cu/4HztMzwzWqg6e4VbNTx/nVmpz6y24qx4VEkMECSU=
github.com/franc-zar/k8s-node-attestation/pkg/ca v0.0.0-20250414135003-5754eaee0c8e h1:cerVYGXHCPrh2klYmLaJ3yPuNo8TqVYpQVPidUEjlHU=
github.com/franc-zar/k8s-node-attestation/pkg/ca v0.0.0-20250414135003-5754eaee0c8e/go.mod h1:Cu/4HztMzwzWqg6e4VbNTx/nVmpz6y24qx4VEkMECSU=
github.com/franc-zar/k8s-node-attestation/pkg/ca v0.0.0-20250414144440-68eb0a0ca62f h1:mEmqsjsRBbdCfe+76Fc3F0JzLv1QH5fmYZ72jX6zvAw=
github.com/franc-zar/k8s-node-attestation/pkg/ca v0.0.0-20250414144440-68eb0a0ca62f/go.mod h1:Cu/4HztMzwzWqg6e4VbNTx/nVmpz6y24qx4VEkMECSU=
github.com/franc-zar/k8s-node-attestation/pkg/ca v0.0.0-20250414201609-2045c4e483aa h1:eM47UjtgRKBrOPaTrwXdirkGuP5eLT8K9W28hHlF3gU=
github.com/franc-zar/k8s-node-attestation/pkg/ca v0.0.0-20250414201609-2045c4e483aa/go.mod h1:25GeclIqaqf3JzW0Oh2KE9iq7l+v6qvPmK06z1GP3js=
github.com/franc-zar/k8s-node-attestation/pkg/ca v0.0.0-20250415075920-ea4a3fc6155d h1:Rx+nfzULgKexxSNGylfrzoh5I2D8R1hFZx5XRA4PnxI=
github.com/franc-zar/k8s-node-attestation/pkg/ca v0.0.0-20250415075920-ea4a3fc6155d/go.mod h1:3icr6UGuzcJDLG1M5Ma3+ssoWYQ2nltMg9fR3Q5wpao=
github.com/franc-zar/k8s-node-attestation/pkg/ca v0.0.0-20250415093609-216b1a5a404d h1:knooSzxq+JOt7EpOmrRq4jc7mJU6XoTPgJpQ4RUxl6I=
github.com/franc-zar/k8s-node-attestation/pkg/ca v0.0.0-20250415093609-216b1a5a404d/go.mod h1:Pwwzl9CL/Ap2RnbPVInLCFqLti04dlAZumDIXqGwzYo=
github.com/franc-zar/k8s-node-attestation/pkg/ca v0.0.0-20250422132519-b6b2b1be70e6 h1:I+1QZrNFIqNg77c695qno5mkPyT+AqP+VZlOVmMJrGs=
github.com/franc-zar/k8s-node-attestation/pkg/ca v0.0.0-20250422132519-b6b2b1be70e6/go.mod h1:sPmxPwxrxU8klCg38UPdKsdArnGnFmHjw8xnzc+zrKQ=
github.com/franc-zar/k8s-node-attestation/pkg/ca v0.0.0-20250422190709-604c3f12b6c4 h1:d93VN8Z3VetNu9HTwb2brF7YhkYPN/tg8Wi6Klg3a/g=
github.com/franc-zar/k8s-node-attestation/pkg/ca v0.0.0-20250422190709-604c3f12b6c4/go.mod h1:sPmxPwxrxU8klCg38UPdKsdArnGnFmHjw8xnzc+zrKQ=
github.com/franc-zar/k8s-node-attestation/pkg/ca v0.0.0-20250423094347-901efbf4d2b0 h1:0Q+drRMGeGM5dfoGj41WbkeGkSDNl0xWRvUZUHNeCuo=
github.com/franc-zar/k8s-node-attestation/pkg/ca v0.0.0-20250423094347-901efbf4d2b0/go.mod h1:sPmxPwxrxU8klCg38UPdKsdArnGnFmHjw8xnzc+zrKQ=
github.com/franc-zar/k8s-node-attestation/pkg/ca v0.0.0-20250423121841-c83f6fb1036c h1:x42WCG6Fnr0eSEEqjY8x8ystwFxsUUx1BPesrmjHLGI=
github.com/franc-zar/k8s-node-attestation/pkg/ca v0.0.0-20250423121841-c83f6fb1036c/go.mod h1:sPmxPwxrxU8klCg38UPdKsdArnGnFmHjw8xnzc+zrKQ=
github.com/franc-zar/k8s-node-attestation/pkg/crypto v0.0.0-20250410164253-aab2fce2853d h1:tiJC4yH8vcYuMeWcT14lzz3vVBQtp2fCJIDKSyIGzcI=
github.com/franc-zar/k8s-node-attestation/pkg/crypto v0.0.0-20250410164253-aab2fce2853d/go.mod h1:XU313UWGoumazhJpVhpEyHI3FdxMhhBHCtT0DZsnDvA=
github.com/franc-zar/k8s-node-attestation/pkg/crypto v0.0.0-20250411083456-fd081831de33 h1:Lo7w1wHZJvOQv+HQXlTLyxg0pBfTZva0lzp3RJ+RtbY=
github.com/franc-zar/k8s-node-attestation/pkg/crypto v0.0.0-20250411083456-fd081831de33/go.mod h1:4ucRsXh+lF1Xd383PDXMDIZygD6eqLYubmTkI/02Z6U=
github.com/franc-zar/k8s-node-attestation/pkg/crypto v0.0.0-20250411151218-55c2b3f5e303 h1:6uDpjvOtadxgC43IGRDZWWUW/4mupHFlZNHJLLcgMSs=
github.com/franc-zar/k8s-node-attestation/pkg/crypto v0.0.0-20250411151218-55c2b3f5e303/go.mod h1:Fg8MpWh4pO/yM1t/T4NZwc76hL0LwH/NqN62AoN+pGs=
github.com/franc-zar/k8s-node-attestation/pkg/crypto v0.0.0-20250411160526-c409377aceb3 h1:yHBTsanOCp9ByIf4X2dbTlBcDp3pPua9opmyEPmy58o=
github.com/franc-zar/k8s-node-attestation/pkg/crypto v0.0.0-20250411160526-c409377aceb3/go.mod h1:Fg8MpWh4pO/yM1t/T4NZwc76hL0LwH/NqN62AoN+pGs=
github.com/franc-zar/k8s-node-attestation/pkg/crypto v0.0.0-20250414103401-8e431665f7e0 h1:dPaR60VBlQ/n6mwnzO+51wgKDOlzLBArIDP4mzgtLCc=
github.com/franc-zar/k8s-node-attestation/pkg/crypto v0.0.0-20250414103401-8e431665f7e0/go.mod h1:Fg8MpWh4pO/yM1t/T4NZwc76hL0LwH/NqN62AoN+pGs=
github.com/franc-zar/k8s-node-attestation/pkg/crypto v0.0.0-20250414124712-eb29b3c899c1 h1:AreKDLvyPOuLaLBVUsMvzUHVq58ycuL1Vdo9ymtHsP8=
github.com/franc-zar/k8s-node-attestation/pkg/crypto v0.0.0-20250414124712-eb29b3c899c1/go.mod h1:Fg8MpWh4pO/yM1t/T4NZwc76hL0LwH/NqN62AoN+pGs=
github.com/franc-zar/k8s-node-attestation/pkg/crypto v0.0.0-20250414135003-5754eaee0c8e h1:jgewovLSxNcBAxNl8xz5FAs94DVntQFFb+Hi/gQG7sY=
github.com/franc-zar/k8s-node-attestation/pkg/crypto v0.0.0-20250414135003-5754eaee0c8e/go.mod h1:Fg8MpWh4pO/yM1t/T4NZwc76hL0LwH/NqN62AoN+pGs=
github.com/franc-zar/k8s-node-attestation/pkg/crypto v0.0.0-20250414144440-68eb0a0ca62f h1:e2TT/2gGUrGz+j3WWR9tKiYN8Ws7AagB/Y10Qw2cIpo=
github.com/franc-zar/k8s-node-attestation/pkg/crypto v0.0.0-20250414144440-68eb0a0ca62f/go.mod h1:Fg8MpWh4pO/yM1t/T4NZwc76hL0LwH/NqN62AoN+pGs=
github.com/franc-zar/k8s-node-attestation/pkg/crypto v0.0.0-20250414201609-2045c4e483aa h1:nsaMQQaQkRhEnqhWm8LXlroh1wGQnYj3X7r8OPdvosk=
github.com/franc-zar/k8s-node-attestation/pkg/crypto v0.0.0-20250414201609-2045c4e483aa/go.mod h1:Fg8MpWh4pO/yM1t/T4NZwc76hL0LwH/NqN62AoN+pGs=
github.com/franc-zar/k8s-node-attestation/pkg/crypto v0.0.0-20250415075920-ea4a3fc6155d h1:R6lm+REdxLHVI6Z0VziYxT7YiGUiog2rc9D/4iOgb8Y=
github.com/franc-zar/k8s-node-attestation/pkg/crypto v0.0.0-20250415075920-ea4a3fc6155d/go.mod h1:Fg8MpWh4pO/yM1t/T4NZwc76hL0LwH/NqN62AoN+pGs=
github.com/franc-zar/k8s-node-attestation/pkg/crypto v0.0.0-20250415093609-216b1a5a404d h1:hME0kxgzNNKOmhmfx55jCTMbSfg/LWN/m/8+pgNPJA0=
github.com/franc-zar/k8s-node-attestation/pkg/crypto v0.0.0-20250415093609-216b1a5a404d/go.mod h1:Fg8MpWh4pO/yM1t/T4NZwc76hL0LwH/NqN62AoN+pGs=
github.com/franc-zar/k8s-node-attestation/pkg/crypto v0.0.0-20250422132519-b6b2b1be70e6 h1:tCfYpAoEpb1NDwlREzrwhDSCsW5RwdBTyR2bVDNA3aM=
github.com/franc-zar/k8s-node-attestation/pkg/crypto v0.0.0-20250422132519-b6b2b1be70e6/go.mod h1:tmXP1ybSFFT84g1Xt5H6k3NgRkHuN9HpY47Eq8raS6Y=
github.com/franc-zar/k8s-node-attestation/pkg/crypto v0.0.0-20250422190709-604c3f12b6c4 h1:ayiVHdWH5Om4WL9y1qlQg+HMZAuZSBgkNMU5/b0T3DI=
github.com/franc-zar/k8s-node-attestation/pkg/crypto v0.0.0-20250422190709-604c3f12b6c4/go.mod h1:tmXP1ybSFFT84g1Xt5H6k3NgRkHuN9HpY47Eq8raS6Y=
github.com/franc-zar/k8s-node-attestation/pkg/crypto v0.0.0-20250423094347-901efbf4d2b0 h1:4NK9LNNMf5eBaw22eCTpSeFyXOrRhn4BncS55DW+Gy4=
github.com/franc-zar/k8s-node-attestation/pkg/crypto v0.0.0-20250423094347-901efbf4d2b0/go.mod h1:ZltDmgOIPjVqjyn97zGUaux9ttVSpzhQDaK5PGT1BJc=
github.com/franc-zar/k8s-node-attestation/pkg/logger v0.0.0-20250410164253-aab2fce2853d h1:cU8n+blOe3w+hQsTcmDQ6db6sj31FVMb896yY2JW7IM=
github.com/franc-zar/k8s-node-attestation/pkg/logger v0.0.0-20250410164253-aab2fce2853d/go.mod h1:3Wx7oZmA8p6JycXUgblMd2/ytyP8B/SJdU2B8Kfn5RA=
github.com/franc-zar/k8s-node-attestation/pkg/logger v0.0.0-20250411083456-fd081831de33 h1:cP4FO5cCsU/1f4aAZ6y5LUAC/yzJZlO0y26etTWM9l0=
github.com/franc-zar/k8s-node-attestation/pkg/logger v0.0.0-20250411083456-fd081831de33/go.mod h1:sOpmPpc8nZJ6cRnEd/AOYvy7VGIyrVwiQcDrY7Yp+QY=
github.com/franc-zar/k8s-node-attestation/pkg/logger v0.0.0-20250411151218-55c2b3f5e303 h1:7X3Dt2foJ6r2LNqMIAmxGNXV33i1cmQRLdReGppa/W8=
github.com/franc-zar/k8s-node-attestation/pkg/logger v0.0.0-20250411151218-55c2b3f5e303/go.mod h1:sOpmPpc8nZJ6cRnEd/AOYvy7VGIyrVwiQcDrY7Yp+QY=
github.com/franc-zar/k8s-node-attestation/pkg/logger v0.0.0-20250411160526-c409377aceb3 h1:+GBntSN3KH5yKlXqQILflLi8lTJ9a66W/rJ21yFJhd4=
github.com/franc-zar/k8s-node-attestation/pkg/logger v0.0.0-20250411160526-c409377aceb3/go.mod h1:sOpmPpc8nZJ6cRnEd/AOYvy7VGIyrVwiQcDrY7Yp+QY=
github.com/franc-zar/k8s-node-attestation/pkg/logger v0.0.0-20250414103401-8e431665f7e0 h1:Nemk2gKeHvaZOQfZ/yzERS3aFs2jgstQsmf2uTXDnYU=
github.com/franc-zar/k8s-node-attestation/pkg/logger v0.0.0-20250414103401-8e431665f7e0/go.mod h1:sOpmPpc8nZJ6cRnEd/AOYvy7VGIyrVwiQcDrY7Yp+QY=
github.com/franc-zar/k8s-node-attestation/pkg/logger v0.0.0-20250414123510-76f154d7e890 h1:tW/8HAxGx3Tceegt+gL2jrwGMISJ9Kiyqm29I6QOBJU=
github.com/franc-zar/k8s-node-attestation/pkg/logger v0.0.0-20250414123510-76f154d7e890/go.mod h1:sOpmPpc8nZJ6cRnEd/AOYvy7VGIyrVwiQcDrY7Yp+QY=
github.com/franc-zar/k8s-node-attestation/pkg/logger v0.0.0-20250414135003-5754eaee0c8e h1:Fk2XuxN1oduA0zpKzRCQCZwOlttZZEOtRT3txnw3DpU=
github.com/franc-zar/k8s-node-attestation/pkg/logger v0.0.0-20250414135003-5754eaee0c8e/go.mod h1:sOpmPpc8nZJ6cRnEd/AOYvy7VGIyrVwiQcDrY7Yp+QY=
github.com/franc-zar/k8s-node-attestation/pkg/logger v0.0.0-20250414144440-68eb0a0ca62f h1:eQ62005b0OZLc16Wx5EisnRxygNUBdVju4y7uAOgStY=
github.com/franc-zar/k8s-node-attestation/pkg/logger v0.0.0-20250414144440-68eb0a0ca62f/go.mod h1:sOpmPpc8nZJ6cRnEd/AOYvy7VGIyrVwiQcDrY7Yp+QY=
github.com/franc-zar/k8s-node-attestation/pkg/logger v0.0.0-20250414201609-2045c4e483aa h1:8KjPsQG99Y1P9fOrd2KnzMshUIS7nwPMP8Np7ORN4G4=
github.com/franc-zar/k8s-node-attestation/pkg/logger v0.0.0-20250414201609-2045c4e483aa/go.mod h1:sOpmPpc8nZJ6cRnEd/AOYvy7VGIyrVwiQcDrY7Yp+QY=
github.com/franc-zar/k8s-node-attestation/pkg/logger v0.0.0-20250415075920-ea4a3fc6155d h1:9NKChgquGTeRS+ROiavNVPWzCd+bCbIW+l3K/v+gApc=
github.com/franc-zar/k8s-node-attestation/pkg/logger v0.0.0-20250415075920-ea4a3fc6155d/go.mod h1:sOpmPpc8nZJ6cRnEd/AOYvy7VGIyrVwiQcDrY7Yp+QY=
github.com/franc-zar/k8s-node-attestation/pkg/logger v0.0.0-20250415092637-f494aebc9f64 h1:7ztTHZdHhrBh4HR/WnkjEUIzByJM7rbWROWu/9jtx8s=
github.com/franc-zar/k8s-node-attestation/pkg/logger v0.0.0-20250415092637-f494aebc9f64/go.mod h1:sOpmPpc8nZJ6cRnEd/AOYvy7VGIyrVwiQcDrY7Yp+QY=
github.com/franc-zar/k8s-node-attestation/pkg/logger v0.0.0-20250415093609-216b1a5a404d h1:ZSWx30GK7v+mJpZ5s52lzay8hLUap0e5EW4O0TSvB/w=
github.com/franc-zar/k8s-node-attestation/pkg/logger v0.0.0-20250415093609-216b1a5a404d/go.mod h1:sOpmPpc8nZJ6cRnEd/AOYvy7VGIyrVwiQcDrY7Yp+QY=
github.com/franc-zar/k8s-node-attestation/pkg/logger v0.0.0-20250422132519-b6b2b1be70e6 h1:Z2taPN4rrL+0nVaStpZtj0HumeL+Byw9SLsyXXXqh/s=
github.com/franc-zar/k8s-node-attestation/pkg/logger v0.0.0-20250422132519-b6b2b1be70e6/go.mod h1:sOpmPpc8nZJ6cRnEd/AOYvy7VGIyrVwiQcDrY7Yp+QY=
github.com/franc-zar/k8s-node-attestation/pkg/logger v0.0.0-20250422190709-604c3f12b6c4 h1:moGjrD/4JiQRVy0yNSpD++PA5BlTentRSqPeJNZY1bg=
github.com/franc-zar/k8s-node-attestation/pkg/logger v0.0.0-20250422190709-604c3f12b6c4/go.mod h1:sOpmPpc8nZJ6cRnEd/AOYvy7VGIyrVwiQcDrY7Yp+QY=
github.com/franc-zar/k8s-node-attestation/pkg/logger v0.0.0-20250423094347-901efbf4d2b0 h1:soqCCFIMVFHo/KfP99ExpIDOTatndk8CHBmbh/AUFAs=
github.com/franc-zar/k8s-node-attestation/pkg/logger v0.0.0-20250423094347-901efbf4d2b0/go.mod h1:sOpmPpc8nZJ6cRnEd/AOYvy7VGIyrVwiQcDrY7Yp+QY=
github.com/franc-zar/k8s-node-attestation/pkg/logger v0.0.0-20250423121841-c83f6fb1036c h1:YtJ69fqgk1ims2AgYPeqwewqIQ69XWiYV/VjZ+Jd/H0=
github.com/franc-zar/k8s-node-attestation/pkg/logger v0.0.0-20250423121841-c83f6fb1036c/go.mod h1:sOpmPpc8nZJ6cRnEd/AOYvy7VGIyrVwiQcDrY7Yp+QY=
github.com/franc-zar/k8s-node-attestation/pkg/model v0.0.0-20250410164253-aab2fce2853d h1:wscb07B4EbYzqmdZZn/GXyf3kdrBHEx5YVfsTAtbMZo=
github.com/franc-zar/k8s-node-attestation/pkg/model v0.0.0-20250410164253-aab2fce2853d/go.mod h1:45w2KM9wIHypCIT9tQXq+d02udj0hdrJ2hdB5I6sJDQ=
github.com/franc-zar/k8s-node-attestation/pkg/model v0.0.0-20250411083456-fd081831de33 h1:s6DMPhLdnVre1/V3DPHAtj+cTnPOkStS1z7JxFCBPYo=
github.com/franc-zar/k8s-node-attestation/pkg/model v0.0.0-20250411083456-fd081831de33/go.mod h1:45w2KM9wIHypCIT9tQXq+d02udj0hdrJ2hdB5I6sJDQ=
github.com/franc-zar/k8s-node-attestation/pkg/model v0.0.0-20250411151218-55c2b3f5e303 h1:s2T7wlao/y5JoK0lIdpqQOKnoBW1wxXmEgrhSp4kTWk=
github.com/franc-zar/k8s-node-attestation/pkg/model v0.0.0-20250411151218-55c2b3f5e303/go.mod h1:45w2KM9wIHypCIT9tQXq+d02udj0hdrJ2hdB5I6sJDQ=
github.com/franc-zar/k8s-node-attestation/pkg/model v0.0.0-20250411160526-c409377aceb3 h1:+xHNvJ1dg75YRwYcOD9R1RNHF+UWZC5gd59kWLzaEm4=
github.com/franc-zar/k8s-node-attestation/pkg/model v0.0.0-20250411160526-c409377aceb3/go.mod h1:45w2KM9wIHypCIT9tQXq+d02udj0hdrJ2hdB5I6sJDQ=
github.com/franc-zar/k8s-node-attestation/pkg/model v0.0.0-20250414103401-8e431665f7e0 h1:iSDSWDjoDekt1KIFSXP/Mxf14BfvlfHKNgPExYbB+EQ=
github.com/franc-zar/k8s-node-attestation/pkg/model v0.0.0-20250414103401-8e431665f7e0/go.mod h1:45w2KM9wIHypCIT9tQXq+d02udj0hdrJ2hdB5I6sJDQ=
github.com/franc-zar/k8s-node-attestation/pkg/model v0.0.0-20250414124712-eb29b3c899c1 h1:UUB4hvczl1ZrIZdybScIQScwveVoOkylBS9SZlCL1A8=
github.com/franc-zar/k8s-node-attestation/pkg/model v0.0.0-20250414124712-eb29b3c899c1/go.mod h1:45w2KM9wIHypCIT9tQXq+d02udj0hdrJ2hdB5I6sJDQ=
github.com/franc-zar/k8s-node-attestation/pkg/model v0.0.0-20250414135003-5754eaee0c8e h1:0q62gMKelsxqrEnSFnWcW0j7VIh3XDr65IGA3dM9KPQ=
github.com/franc-zar/k8s-node-attestation/pkg/model v0.0.0-20250414135003-5754eaee0c8e/go.mod h1:45w2KM9wIHypCIT9tQXq+d02udj0hdrJ2hdB5I6sJDQ=
github.com/franc-zar/k8s-node-attestation/pkg/model v0.0.0-20250414144440-68eb0a0ca62f h1:+R+ERkLcH/MCqMJaaODiLBuBmSzu4MxwXOZ20/NNpOc=
github.com/franc-zar/k8s-node-attestation/pkg/model v0.0.0-20250414144440-68eb0a0ca62f/go.mod h1:45w2KM9wIHypCIT9tQXq+d02udj0hdrJ2hdB5I6sJDQ=
github.com/franc-zar/k8s-node-attestation/pkg/model v0.0.0-20250414201609-2045c4e483aa h1:hDBymLo1AYkeC1cD1eDBupuFLTlO5w9uLBiBiIMJ6wc=
github.com/franc-zar/k8s-node-attestation/pkg/model v0.0.0-20250414201609-2045c4e483aa/go.mod h1:45w2KM9wIHypCIT9tQXq+d02udj0hdrJ2hdB5I6sJDQ=
github.com/franc-zar/k8s-node-attestation/pkg/model v0.0.0-20250415075920-ea4a3fc6155d h1:XGUe0+pzykwK4y+jPzC1WMBGVrgEKfriNga1WDHCkoU=
github.com/franc-zar/k8s-node-attestation/pkg/model v0.0.0-20250415075920-ea4a3fc6155d/go.mod h1:45w2KM9wIHypCIT9tQXq+d02udj0hdrJ2hdB5I6sJDQ=
github.com/franc-zar/k8s-node-attestation/pkg/model v0.0.0-20250415093609-216b1a5a404d h1:lZbaGjmRCFI5Fln1KmR18/8lb/rV6XkoAPml2M7+x+k=
github.com/franc-zar/k8s-node-attestation/pkg/model v0.0.0-20250415093609-216b1a5a404d/go.mod h1:45w2KM9wIHypCIT9tQXq+d02udj0hdrJ2hdB5I6sJDQ=
github.com/franc-zar/k8s-node-attestation/pkg/model v0.0.0-20250415100110-b093a141751d h1:c6wcdcNEz3KhKzkqYQqBQg9+DYKlNeT/kVNTKPsyUgg=
github.com/franc-zar/k8s-node-attestation/pkg/model v0.0.0-20250415100110-b093a141751d/go.mod h1:45w2KM9wIHypCIT9tQXq+d02udj0hdrJ2hdB5I6sJDQ=
github.com/franc-zar/k8s-node-attestation/pkg/model v0.0.0-20250422132519-b6b2b1be70e6 h1:nQjT6BF/E2QstTBCPdRlK4vy6LFJLe21HoG1+gGkW9g=
github.com/franc-zar/k8s-node-attestation/pkg/model v0.0.0-20250422132519-b6b2b1be70e6/go.mod h1:45w2KM9wIHypCIT9tQXq+d02udj0hdrJ2hdB5I6sJDQ=
github.com/franc-zar/k8s-node-attestation/pkg/model v0.0.0-20250422190709-604c3f12b6c4 h1:8W7VNLDQYfy6XCkaj3YnUUbH8Lz7tz/yMuBZPE+YdMs=
github.com/franc-zar/k8s-node-attestation/pkg/model v0.0.0-20250422190709-604c3f12b6c4/go.mod h1:45w2KM9wIHypCIT9tQXq+d02udj0hdrJ2hdB5I6sJDQ=
github.com/franc-zar/k8s-node-attestation/pkg/model v0.0.0-20250423094347-901efbf4d2b0 h1:1yllJL0OnYAPnYm4mCGm9r45maRR5Z2KRLHea3pffpA=
github.com/franc-zar/k8s-node-attestation/pkg/model v0.0.0-20250423094347-901efbf4d2b0/go.mod h1:45w2KM9wIHypCIT9tQXq+d02udj0hdrJ2hdB5I6sJDQ=
github.com/google/go-attestation v0.5.1 h1:jqtOrLk5MNdliTKjPbIPrAaRKJaKW+0LIU2n/brJYms=
github.com/google/go-attestation v0.5.1/go.mod h1:KqGatdUhg5kPFkokyzSBDxwSCFyRgIgtRkMp6c3lOBQ=
github.com/google/go-tpm v0.9.3 h1:+yx0/anQuGzi+ssRqeD6WpXjW2L/V0dItUayO0i9sRc=
github.com/google/go-tpm v0.9.3/go.mod h1:h9jEsEECg7gtLis0upRBQU+GhYVH6jMjrFxI8u6bVUY=
github.com/google/pprof v0.0.0-20250317173921-a4b03ec1a45e h1:ijClszYn+mADRFY17kjQEVQ1XRhq2/JR1M3sGqeJoxs=
github.com/google/pprof v0.0.0-20250317173921-a4b03ec1a45e/go.mod h1:boTsfXsheKC2y+lKOCMpSfarhxDeIzfZG1jqGcPl3cA=
github.com/google/uuid v1.6.0 h1:NIvaJDMOsjHA8n1jAhLSgzrAzy1Hgr+hNrb57e+94F0=
github.com/google/uuid v1.6.0/go.mod h1:TIyPZe4MgqvfeYDBFedMoGGpEw/LqOeaOT+nhxU+yHo=
github.com/mattn/go-colorable v0.1.14 h1:9A9LHSqF/7dyVVX6g0U9cwm9pG3kP9gSzcuIPHPsaIE=
github.com/mattn/go-colorable v0.1.14/go.mod h1:6LmQG8QLFO4G5z1gPvYEzlUgJ2wF+stgPZH1UqBm1s8=
github.com/mattn/go-isatty v0.0.20 h1:xfD0iDuEKnDkl03q4limB+vH+GxLEtL/jb4xVJSWWEY=
github.com/mattn/go-isatty v0.0.20/go.mod h1:W+V8PltTTMOvKvAeJH7IuucS94S2C6jfK/D7dTCTo3Y=
github.com/ncruces/go-strftime v0.1.9 h1:bY0MQC28UADQmHmaF5dgpLmImcShSi2kHU9XLdhx/f4=
github.com/ncruces/go-strftime v0.1.9/go.mod h1:Fwc5htZGVVkseilnfgOVb9mKy6w1naJmn9CehxcKcls=
github.com/remyoudompheng/bigfft v0.0.0-20230129092748-24d4a6f8daec h1:W09IVJc94icq4NjY3clb7Lk8O1qJ8BdBEF8z0ibU0rE=
github.com/remyoudompheng/bigfft v0.0.0-20230129092748-24d4a6f8daec/go.mod h1:qqbHyh8v60DhA7CoWK5oRCqLrMHRGoxYCSS9EjAz6Eo=
golang.org/x/exp v0.0.0-20250408133849-7e4ce0ab07d0 h1:R84qjqJb5nVJMxqWYb3np9L5ZsaDtB+a39EqjV0JSUM=
golang.org/x/exp v0.0.0-20250408133849-7e4ce0ab07d0/go.mod h1:S9Xr4PYopiDyqSyp5NjCrhFrqg6A5zA2E/iPHPhqnS8=
golang.org/x/mod v0.24.0 h1:ZfthKaKaT4NrhGVZHO1/WDTwGES4De8KtWO0SIbNJMU=
golang.org/x/mod v0.24.0/go.mod h1:IXM97Txy2VM4PJ3gI61r1YEk/gAj6zAHN3AdZt6S9Ww=
golang.org/x/sync v0.13.0 h1:AauUjRAJ9OSnvULf/ARrrVywoJDy0YS2AwQ98I37610=
golang.org/x/sync v0.13.0/go.mod h1:1dzgHSNfp02xaA81J2MS99Qcpr2w7fw1gpm99rleRqA=
golang.org/x/sys v0.6.0/go.mod h1:oPkhp1MJrh7nUepCBck5+mAzfO9JrbApNNgaTdGDITg=
golang.org/x/sys v0.32.0 h1:s77OFDvIQeibCmezSnk/q6iAfkdiQaJi4VzroCFrN20=
golang.org/x/sys v0.32.0/go.mod h1:BJP2sWEmIv4KK5OTEluFJCKSidICx8ciO85XgH3Ak8k=
golang.org/x/tools v0.32.0 h1:Q7N1vhpkQv7ybVzLFtTjvQya2ewbwNDZzUgfXGqtMWU=
golang.org/x/tools v0.32.0/go.mod h1:ZxrU41P/wAbZD8EDa6dDCa6XfpkhJ7HFMjHJXfBDu8s=
modernc.org/cc/v4 v4.25.2 h1:T2oH7sZdGvTaie0BRNFbIYsabzCxUQg8nLqCdQ2i0ic=
modernc.org/cc/v4 v4.25.2/go.mod h1:uVtb5OGqUKpoLWhqwNQo/8LwvoiEBLvZXIQ/SmO6mL0=
modernc.org/ccgo/v4 v4.25.1 h1:TFSzPrAGmDsdnhT9X2UrcPMI3N/mJ9/X9ykKXwLhDsU=
modernc.org/ccgo/v4 v4.25.1/go.mod h1:njjuAYiPflywOOrm3B7kCB444ONP5pAVr8PIEoE0uDw=
modernc.org/fileutil v1.3.0 h1:gQ5SIzK3H9kdfai/5x41oQiKValumqNTDXMvKo62HvE=
modernc.org/fileutil v1.3.0/go.mod h1:XatxS8fZi3pS8/hKG2GH/ArUogfxjpEKs3Ku3aK4JyQ=
modernc.org/gc/v2 v2.6.5 h1:nyqdV8q46KvTpZlsw66kWqwXRHdjIlJOhG6kxiV/9xI=
modernc.org/gc/v2 v2.6.5/go.mod h1:YgIahr1ypgfe7chRuJi2gD7DBQiKSLMPgBQe9oIiito=
modernc.org/libc v1.62.1 h1:s0+fv5E3FymN8eJVmnk0llBe6rOxCu/DEU+XygRbS8s=
modernc.org/libc v1.62.1/go.mod h1:iXhATfJQLjG3NWy56a6WVU73lWOcdYVxsvwCgoPljuo=
modernc.org/libc v1.63.0 h1:wKzb61wOGCzgahQBORb1b0dZonh8Ufzl/7r4Yf1D5YA=
modernc.org/libc v1.63.0/go.mod h1:wDzH1mgz1wUIEwottFt++POjGRO9sgyQKrpXaz3x89E=
modernc.org/mathutil v1.7.1 h1:GCZVGXdaN8gTqB1Mf/usp1Y/hSqgI2vAGGP4jZMCxOU=
modernc.org/mathutil v1.7.1/go.mod h1:4p5IwJITfppl0G4sUEDtCr4DthTaT47/N3aT6MhfgJg=
modernc.org/memory v1.9.1 h1:V/Z1solwAVmMW1yttq3nDdZPJqV1rM05Ccq6KMSZ34g=
modernc.org/memory v1.9.1/go.mod h1:/JP4VbVC+K5sU2wZi9bHoq2MAkCnrt2r98UGeSK7Mjw=
modernc.org/memory v1.10.0 h1:fzumd51yQ1DxcOxSO+S6X7+QTuVU+n8/Aj7swYjFfC4=
modernc.org/memory v1.10.0/go.mod h1:/JP4VbVC+K5sU2wZi9bHoq2MAkCnrt2r98UGeSK7Mjw=
modernc.org/opt v0.1.4 h1:2kNGMRiUjrp4LcaPuLY2PzUfqM/w9N23quVwhKt5Qm8=
modernc.org/opt v0.1.4/go.mod h1:03fq9lsNfvkYSfxrfUhZCWPk1lm4cq4N+Bh//bEtgns=
modernc.org/sortutil v1.2.1 h1:+xyoGf15mM3NMlPDnFqrteY07klSFxLElE2PVuWIJ7w=
modernc.org/sortutil v1.2.1/go.mod h1:7ZI3a3REbai7gzCLcotuw9AC4VZVpYMjDzETGsSMqJE=
modernc.org/sqlite v1.37.0 h1:s1TMe7T3Q3ovQiK2Ouz4Jwh7dw4ZDqbebSDTlSJdfjI=
modernc.org/sqlite v1.37.0/go.mod h1:5YiWv+YviqGMuGw4V+PNplcyaJ5v+vQd7TQOgkACoJM=
modernc.org/strutil v1.2.1 h1:UneZBkQA+DX2Rp35KcM69cSsNES9ly8mQWD71HKlOA0=
modernc.org/strutil v1.2.1/go.mod h1:EHkiggD70koQxjVdSBM3JKM7k6L0FbGE5eymy9i3B9A=
modernc.org/token v1.1.0 h1:Xl7Ap9dKaEs5kLoOQeQmPWevfnk/DM5qcLcYlA8ys6Y=
modernc.org/token v1.1.0/go.mod h1:UGzOrNV1mAFSEB63lOFHIpNRUVMvYTc6yu1SMY/XTDM=
